
Microsoft Visual Studio Solution File, Format Version 12.00
# Visual Studio Version 17
VisualStudioVersion = 17.4.33213.308
MinimumVisualStudioVersion = 10.0.40219.1
Project("{2150E333-8FDC-42A3-9474-1A3956D46DE8}") = "src", "src", "{BFCDC123-E52A-4DF5-8257-B2262F191F76}"
EndProject
Project("{2150E333-8FDC-42A3-9474-1A3956D46DE8}") = "Api", "Api", "{3CBE4F63-C021-4CF5-AC58-4868F9953B3A}"
EndProject
Project("{2150E333-8FDC-42A3-9474-1A3956D46DE8}") = "Clients", "Clients", "{E076D621-3B56-4B67-9869-CB2E401F39F8}"
EndProject
Project("{2150E333-8FDC-42A3-9474-1A3956D46DE8}") = "Common", "Common", "{9E846CED-93E3-45A1-9762-82D85774C32F}"
EndProject
Project("{2150E333-8FDC-42A3-9474-1A3956D46DE8}") = "Core", "Core", "{AABB6985-3CF4-4457-9539-67EE21737697}"
EndProject
Project("{2150E333-8FDC-42A3-9474-1A3956D46DE8}") = "Infrastructure", "Infrastructure", "{BCE3BD47-C78A-4CD2-A6C4-284D3EEA2CE8}"
EndProject
Project("{2150E333-8FDC-42A3-9474-1A3956D46DE8}") = "WebApi", "WebApi", "{A50D3F28-E182-4F4F-924D-DDCE4D81D8B4}"
EndProject
Project("{FAE04EC0-301F-11D3-BF4B-00C04F79EFBC}") = "Sozluk.Api.Domain", "src\Api\Core\Sozluk.Api.Domain\Sozluk.Api.Domain.csproj", "{F81C1D83-5BDB-4E49-974A-1A15BBFF4631}"
EndProject
Project("{FAE04EC0-301F-11D3-BF4B-00C04F79EFBC}") = "Sozluk.Api.Application", "src\Api\Core\Sozluk.Api.Application\Sozluk.Api.Application.csproj", "{7B0D06E6-B2D2-42A2-914B-67230E340DD2}"
EndProject
Project("{FAE04EC0-301F-11D3-BF4B-00C04F79EFBC}") = "Sozluk.Infrastructure.Persistence", "src\Api\Infrastructure\Sozluk.Infrastructure.Persistence\Sozluk.Infrastructure.Persistence.csproj", "{7283989D-07A6-43AF-9C68-20D124D30A31}"
EndProject
Project("{FAE04EC0-301F-11D3-BF4B-00C04F79EFBC}") = "Sozluk.Common", "src\Common\Sozluk.Common\Sozluk.Common.csproj", "{EFC0CD83-7FE7-44AE-A614-F75E0F6AF06A}"
EndProject
Project("{FAE04EC0-301F-11D3-BF4B-00C04F79EFBC}") = "Sozluk.Api.WebApi", "Sozluk.Api.WebApi\Sozluk.Api.WebApi.csproj", "{E24E6796-09A4-417B-B515-677888273FCD}"
EndProject
Project("{2150E333-8FDC-42A3-9474-1A3956D46DE8}") = "Projections", "Projections", "{C6B62C88-FF15-4838-A94F-3FD04C32A4DB}"
EndProject
Project("{FAE04EC0-301F-11D3-BF4B-00C04F79EFBC}") = "Sozluk.Projections.FavoriteService", "src\Projections\Sozluk.Projections.FavoriteService\Sozluk.Projections.FavoriteService.csproj", "{4C671B20-3752-4255-8F16-910D4948F8C2}"
EndProject
Project("{FAE04EC0-301F-11D3-BF4B-00C04F79EFBC}") = "Sozluk.Projections.UserService", "src\Projections\Sozluk.Projections.UserService\Sozluk.Projections.UserService.csproj", "{D84CA5AB-9018-4526-9451-A44ACB731A91}"
EndProject
Project("{FAE04EC0-301F-11D3-BF4B-00C04F79EFBC}") = "Sozluk.Projections.VoteService", "src\Projections\Sozluk.Projections.VoteService\Sozluk.Projections.VoteService.csproj", "{D3C6CE48-1029-4CAD-BA40-163CDB09A957}"
EndProject
Project("{2150E333-8FDC-42A3-9474-1A3956D46DE8}") = "BlazorWeb", "BlazorWeb", "{611F1961-7F24-4663-BEBE-E2810E9DCF96}"
EndProject
Project("{FAE04EC0-301F-11D3-BF4B-00C04F79EFBC}") = "Sozluk.WebApp", "src\Clients\BlazorWeb\Sozluk.WebApp\Sozluk.WebApp.csproj", "{04D9EFB6-0017-4261-90B7-42F65B76763F}"
EndProject
Global
	GlobalSection(SolutionConfigurationPlatforms) = preSolution
		Debug|Any CPU = Debug|Any CPU
		Release|Any CPU = Release|Any CPU
	EndGlobalSection
	GlobalSection(ProjectConfigurationPlatforms) = postSolution
		{F81C1D83-5BDB-4E49-974A-1A15BBFF4631}.Debug|Any CPU.ActiveCfg = Debug|Any CPU
		{F81C1D83-5BDB-4E49-974A-1A15BBFF4631}.Debug|Any CPU.Build.0 = Debug|Any CPU
		{F81C1D83-5BDB-4E49-974A-1A15BBFF4631}.Release|Any CPU.ActiveCfg = Release|Any CPU
		{F81C1D83-5BDB-4E49-974A-1A15BBFF4631}.Release|Any CPU.Build.0 = Release|Any CPU
		{7B0D06E6-B2D2-42A2-914B-67230E340DD2}.Debug|Any CPU.ActiveCfg = Debug|Any CPU
		{7B0D06E6-B2D2-42A2-914B-67230E340DD2}.Debug|Any CPU.Build.0 = Debug|Any CPU
		{7B0D06E6-B2D2-42A2-914B-67230E340DD2}.Release|Any CPU.ActiveCfg = Release|Any CPU
		{7B0D06E6-B2D2-42A2-914B-67230E340DD2}.Release|Any CPU.Build.0 = Release|Any CPU
		{7283989D-07A6-43AF-9C68-20D124D30A31}.Debug|Any CPU.ActiveCfg = Debug|Any CPU
		{7283989D-07A6-43AF-9C68-20D124D30A31}.Debug|Any CPU.Build.0 = Debug|Any CPU
		{7283989D-07A6-43AF-9C68-20D124D30A31}.Release|Any CPU.ActiveCfg = Release|Any CPU
		{7283989D-07A6-43AF-9C68-20D124D30A31}.Release|Any CPU.Build.0 = Release|Any CPU
		{EFC0CD83-7FE7-44AE-A614-F75E0F6AF06A}.Debug|Any CPU.ActiveCfg = Debug|Any CPU
		{EFC0CD83-7FE7-44AE-A614-F75E0F6AF06A}.Debug|Any CPU.Build.0 = Debug|Any CPU
		{EFC0CD83-7FE7-44AE-A614-F75E0F6AF06A}.Release|Any CPU.ActiveCfg = Release|Any CPU
		{EFC0CD83-7FE7-44AE-A614-F75E0F6AF06A}.Release|Any CPU.Build.0 = Release|Any CPU
		{E24E6796-09A4-417B-B515-677888273FCD}.Debug|Any CPU.ActiveCfg = Debug|Any CPU
		{E24E6796-09A4-417B-B515-677888273FCD}.Debug|Any CPU.Build.0 = Debug|Any CPU
		{E24E6796-09A4-417B-B515-677888273FCD}.Release|Any CPU.ActiveCfg = Release|Any CPU
		{E24E6796-09A4-417B-B515-677888273FCD}.Release|Any CPU.Build.0 = Release|Any CPU
		{4C671B20-3752-4255-8F16-910D4948F8C2}.Debug|Any CPU.ActiveCfg = Debug|Any CPU
		{4C671B20-3752-4255-8F16-910D4948F8C2}.Debug|Any CPU.Build.0 = Debug|Any CPU
		{4C671B20-3752-4255-8F16-910D4948F8C2}.Release|Any CPU.ActiveCfg = Release|Any CPU
		{4C671B20-3752-4255-8F16-910D4948F8C2}.Release|Any CPU.Build.0 = Release|Any CPU
		{D84CA5AB-9018-4526-9451-A44ACB731A91}.Debug|Any CPU.ActiveCfg = Debug|Any CPU
		{D84CA5AB-9018-4526-9451-A44ACB731A91}.Debug|Any CPU.Build.0 = Debug|Any CPU
		{D84CA5AB-9018-4526-9451-A44ACB731A91}.Release|Any CPU.ActiveCfg = Release|Any CPU
		{D84CA5AB-9018-4526-9451-A44ACB731A91}.Release|Any CPU.Build.0 = Release|Any CPU
		{D3C6CE48-1029-4CAD-BA40-163CDB09A957}.Debug|Any CPU.ActiveCfg = Debug|Any CPU
		{D3C6CE48-1029-4CAD-BA40-163CDB09A957}.Debug|Any CPU.Build.0 = Debug|Any CPU
		{D3C6CE48-1029-4CAD-BA40-163CDB09A957}.Release|Any CPU.ActiveCfg = Release|Any CPU
		{D3C6CE48-1029-4CAD-BA40-163CDB09A957}.Release|Any CPU.Build.0 = Release|Any CPU
		{04D9EFB6-0017-4261-90B7-42F65B76763F}.Debug|Any CPU.ActiveCfg = Debug|Any CPU
		{04D9EFB6-0017-4261-90B7-42F65B76763F}.Debug|Any CPU.Build.0 = Debug|Any CPU
		{04D9EFB6-0017-4261-90B7-42F65B76763F}.Release|Any CPU.ActiveCfg = Release|Any CPU
		{04D9EFB6-0017-4261-90B7-42F65B76763F}.Release|Any CPU.Build.0 = Release|Any CPU
	EndGlobalSection
	GlobalSection(SolutionProperties) = preSolution
		HideSolutionNode = FALSE
	EndGlobalSection
	GlobalSection(NestedProjects) = preSolution
		{3CBE4F63-C021-4CF5-AC58-4868F9953B3A} = {BFCDC123-E52A-4DF5-8257-B2262F191F76}
		{E076D621-3B56-4B67-9869-CB2E401F39F8} = {BFCDC123-E52A-4DF5-8257-B2262F191F76}
		{9E846CED-93E3-45A1-9762-82D85774C32F} = {BFCDC123-E52A-4DF5-8257-B2262F191F76}
		{AABB6985-3CF4-4457-9539-67EE21737697} = {3CBE4F63-C021-4CF5-AC58-4868F9953B3A}
		{BCE3BD47-C78A-4CD2-A6C4-284D3EEA2CE8} = {3CBE4F63-C021-4CF5-AC58-4868F9953B3A}
		{A50D3F28-E182-4F4F-924D-DDCE4D81D8B4} = {3CBE4F63-C021-4CF5-AC58-4868F9953B3A}
		{F81C1D83-5BDB-4E49-974A-1A15BBFF4631} = {AABB6985-3CF4-4457-9539-67EE21737697}
		{7B0D06E6-B2D2-42A2-914B-67230E340DD2} = {AABB6985-3CF4-4457-9539-67EE21737697}
		{7283989D-07A6-43AF-9C68-20D124D30A31} = {BCE3BD47-C78A-4CD2-A6C4-284D3EEA2CE8}
		{EFC0CD83-7FE7-44AE-A614-F75E0F6AF06A} = {9E846CED-93E3-45A1-9762-82D85774C32F}
		{E24E6796-09A4-417B-B515-677888273FCD} = {A50D3F28-E182-4F4F-924D-DDCE4D81D8B4}
		{C6B62C88-FF15-4838-A94F-3FD04C32A4DB} = {BFCDC123-E52A-4DF5-8257-B2262F191F76}
		{4C671B20-3752-4255-8F16-910D4948F8C2} = {C6B62C88-FF15-4838-A94F-3FD04C32A4DB}
		{D84CA5AB-9018-4526-9451-A44ACB731A91} = {C6B62C88-FF15-4838-A94F-3FD04C32A4DB}
		{D3C6CE48-1029-4CAD-BA40-163CDB09A957} = {C6B62C88-FF15-4838-A94F-3FD04C32A4DB}
		{611F1961-7F24-4663-BEBE-E2810E9DCF96} = {E076D621-3B56-4B67-9869-CB2E401F39F8}
		{04D9EFB6-0017-4261-90B7-42F65B76763F} = {611F1961-7F24-4663-BEBE-E2810E9DCF96}
	EndGlobalSection
	GlobalSection(ExtensibilityGlobals) = postSolution
		SolutionGuid = {33A28F76-F26E-4287-A156-AF30CD661B46}
	EndGlobalSection
EndGlobal
